
Microsoft Visual Studio Solution File, Format Version 12.00
# Visual Studio Version 17
VisualStudioVersion = 17.13.35825.156
MinimumVisualStudioVersion = 10.0.40219.1
Project("{FAE04EC0-301F-11D3-BF4B-00C04F79EFBC}") = "AcademicYearProject", "AcademicYearProject.csproj", "{D2F6BF0A-2B14-4BC2-8DC5-1C3BCA69EA51}"
	ProjectSection(ProjectDependencies) = postProject
		{A7B40605-72DA-4ABD-B443-80822FE37869} = {A7B40605-72DA-4ABD-B443-80822FE37869}
	EndProjectSection
EndProject
Project("{FAE04EC0-301F-11D3-BF4B-00C04F79EFBC}") = "ClassLibraryForBinaryTree", "..\ClassLibraryForBinaryTree\ClassLibraryForBinaryTree.csproj", "{A7B40605-72DA-4ABD-B443-80822FE37869}"
EndProject
Global
	GlobalSection(SolutionConfigurationPlatforms) = preSolution
		Debug|Any CPU = Debug|Any CPU
		Release|Any CPU = Release|Any CPU
	EndGlobalSection
	GlobalSection(ProjectConfigurationPlatforms) = postSolution
		{D2F6BF0A-2B14-4BC2-8DC5-1C3BCA69EA51}.Debug|Any CPU.ActiveCfg = Debug|Any CPU
		{D2F6BF0A-2B14-4BC2-8DC5-1C3BCA69EA51}.Debug|Any CPU.Build.0 = Debug|Any CPU
		{D2F6BF0A-2B14-4BC2-8DC5-1C3BCA69EA51}.Release|Any CPU.ActiveCfg = Release|Any CPU
		{D2F6BF0A-2B14-4BC2-8DC5-1C3BCA69EA51}.Release|Any CPU.Build.0 = Release|Any CPU
		{A7B40605-72DA-4ABD-B443-80822FE37869}.Debug|Any CPU.ActiveCfg = Debug|Any CPU
		{A7B40605-72DA-4ABD-B443-80822FE37869}.Debug|Any CPU.Build.0 = Debug|Any CPU
		{A7B40605-72DA-4ABD-B443-80822FE37869}.Release|Any CPU.ActiveCfg = Release|Any CPU
		{A7B40605-72DA-4ABD-B443-80822FE37869}.Release|Any CPU.Build.0 = Release|Any CPU
	EndGlobalSection
	GlobalSection(SolutionProperties) = preSolution
		HideSolutionNode = FALSE
	EndGlobalSection
	GlobalSection(ExtensibilityGlobals) = postSolution
		SolutionGuid = {AEC39B28-E2EE-43D4-974D-CE066FF20C6F}
	EndGlobalSection
EndGlobal
